
Microsoft Visual Studio Solution File, Format Version 12.00
# Visual Studio Version 17
VisualStudioVersion = 17.2.32616.157
MinimumVisualStudioVersion = 10.0.40219.1
Project("{2150E333-8FDC-42A3-9474-1A3956D46DE8}") = "Services", "Services", "{66B5ED96-84D6-4475-9660-673BB5D525EE}"
EndProject
Project("{2150E333-8FDC-42A3-9474-1A3956D46DE8}") = "Catalog", "Catalog", "{2EF5187F-BBA4-446E-BAA3-D71C4DF2F9A1}"
EndProject
Project("{9A19103F-16F7-4668-BE54-9A1E7A4F7556}") = "Catalog.API", "Services\Catalog\Catalog.API\Catalog.API.csproj", "{5703640A-6EA5-4162-AB40-00D005426762}"
EndProject
Project("{E53339B2-1760-4266-BCC7-CA923CBCF16C}") = "docker-compose", "docker-compose.dcproj", "{091EF69E-403A-4D02-B7BA-CD84E6F87EBB}"
EndProject
Project("{2150E333-8FDC-42A3-9474-1A3956D46DE8}") = "Basket", "Basket", "{A0C843D9-D977-4A3B-9023-46453E768521}"
EndProject
Project("{9A19103F-16F7-4668-BE54-9A1E7A4F7556}") = "Basket.API", "Services\Basket\Basket.API\Basket.API.csproj", "{C162CF3E-056A-4E4B-95AB-6A3B2AB27636}"
EndProject
Project("{2150E333-8FDC-42A3-9474-1A3956D46DE8}") = "Dsicount", "Dsicount", "{E4E569E9-E60E-48C2-B3B9-C38118F8F6C6}"
EndProject
Project("{9A19103F-16F7-4668-BE54-9A1E7A4F7556}") = "Discount.API", "Services\Discount\Discount.API\Discount.API.csproj", "{56EA58B8-C769-402B-BB29-B460C829B51D}"
EndProject
Project("{9A19103F-16F7-4668-BE54-9A1E7A4F7556}") = "Discount.Grpc", "Services\Discount\Discount.Grpc\Discount.Grpc.csproj", "{34BB1A26-87F0-4130-9DC2-7556A03AFB43}"
EndProject
Project("{2150E333-8FDC-42A3-9474-1A3956D46DE8}") = "Ordering", "Ordering", "{48036035-13B5-4AC1-9069-380EDBBA12B2}"
EndProject
Project("{9A19103F-16F7-4668-BE54-9A1E7A4F7556}") = "Ordering.API", "Services\Ordering\Ordering.API\Ordering.API.csproj", "{DD84B7B7-9496-4FF3-B183-1B840D22BAAB}"
EndProject
Project("{9A19103F-16F7-4668-BE54-9A1E7A4F7556}") = "Ordering.Domain", "Services\Ordering\Ordering.Domain\Ordering.Domain.csproj", "{F400EE5A-069A-4F54-9D35-972C7067A857}"
EndProject
Project("{9A19103F-16F7-4668-BE54-9A1E7A4F7556}") = "Ordering.Application", "Services\Ordering\Ordering.Application\Ordering.Application.csproj", "{88612851-4BA8-463C-8E78-BF0BDCB8F7AB}"
EndProject
Project("{9A19103F-16F7-4668-BE54-9A1E7A4F7556}") = "Ordering.Infrastructure", "Services\Ordering\Ordering.Infrastructure\Ordering.Infrastructure.csproj", "{E3F42284-2B6A-437D-93D9-F3B42C238B70}"
EndProject
Project("{2150E333-8FDC-42A3-9474-1A3956D46DE8}") = "BuildingBlocks", "BuildingBlocks", "{DBB39DCE-295F-424E-B6A3-3135258B6FAF}"
EndProject
Project("{9A19103F-16F7-4668-BE54-9A1E7A4F7556}") = "EventBus.Message", "BuildingBlocks\EventBus.Message\EventBus.Message.csproj", "{29855922-DB6C-4136-915D-63168CDC4204}"
EndProject
Global
	GlobalSection(SolutionConfigurationPlatforms) = preSolution
		Debug|Any CPU = Debug|Any CPU
		Release|Any CPU = Release|Any CPU
	EndGlobalSection
	GlobalSection(ProjectConfigurationPlatforms) = postSolution
		{5703640A-6EA5-4162-AB40-00D005426762}.Debug|Any CPU.ActiveCfg = Debug|Any CPU
		{5703640A-6EA5-4162-AB40-00D005426762}.Debug|Any CPU.Build.0 = Debug|Any CPU
		{5703640A-6EA5-4162-AB40-00D005426762}.Release|Any CPU.ActiveCfg = Release|Any CPU
		{5703640A-6EA5-4162-AB40-00D005426762}.Release|Any CPU.Build.0 = Release|Any CPU
		{091EF69E-403A-4D02-B7BA-CD84E6F87EBB}.Debug|Any CPU.ActiveCfg = Debug|Any CPU
		{091EF69E-403A-4D02-B7BA-CD84E6F87EBB}.Debug|Any CPU.Build.0 = Debug|Any CPU
		{091EF69E-403A-4D02-B7BA-CD84E6F87EBB}.Release|Any CPU.ActiveCfg = Release|Any CPU
		{091EF69E-403A-4D02-B7BA-CD84E6F87EBB}.Release|Any CPU.Build.0 = Release|Any CPU
		{C162CF3E-056A-4E4B-95AB-6A3B2AB27636}.Debug|Any CPU.ActiveCfg = Debug|Any CPU
		{C162CF3E-056A-4E4B-95AB-6A3B2AB27636}.Debug|Any CPU.Build.0 = Debug|Any CPU
		{C162CF3E-056A-4E4B-95AB-6A3B2AB27636}.Release|Any CPU.ActiveCfg = Release|Any CPU
		{C162CF3E-056A-4E4B-95AB-6A3B2AB27636}.Release|Any CPU.Build.0 = Release|Any CPU
		{56EA58B8-C769-402B-BB29-B460C829B51D}.Debug|Any CPU.ActiveCfg = Debug|Any CPU
		{56EA58B8-C769-402B-BB29-B460C829B51D}.Debug|Any CPU.Build.0 = Debug|Any CPU
		{56EA58B8-C769-402B-BB29-B460C829B51D}.Release|Any CPU.ActiveCfg = Release|Any CPU
		{56EA58B8-C769-402B-BB29-B460C829B51D}.Release|Any CPU.Build.0 = Release|Any CPU
		{34BB1A26-87F0-4130-9DC2-7556A03AFB43}.Debug|Any CPU.ActiveCfg = Debug|Any CPU
		{34BB1A26-87F0-4130-9DC2-7556A03AFB43}.Debug|Any CPU.Build.0 = Debug|Any CPU
		{34BB1A26-87F0-4130-9DC2-7556A03AFB43}.Release|Any CPU.ActiveCfg = Release|Any CPU
		{34BB1A26-87F0-4130-9DC2-7556A03AFB43}.Release|Any CPU.Build.0 = Release|Any CPU
		{DD84B7B7-9496-4FF3-B183-1B840D22BAAB}.Debug|Any CPU.ActiveCfg = Debug|Any CPU
		{DD84B7B7-9496-4FF3-B183-1B840D22BAAB}.Debug|Any CPU.Build.0 = Debug|Any CPU
		{DD84B7B7-9496-4FF3-B183-1B840D22BAAB}.Release|Any CPU.ActiveCfg = Release|Any CPU
		{DD84B7B7-9496-4FF3-B183-1B840D22BAAB}.Release|Any CPU.Build.0 = Release|Any CPU
		{F400EE5A-069A-4F54-9D35-972C7067A857}.Debug|Any CPU.ActiveCfg = Debug|Any CPU
		{F400EE5A-069A-4F54-9D35-972C7067A857}.Debug|Any CPU.Build.0 = Debug|Any CPU
		{F400EE5A-069A-4F54-9D35-972C7067A857}.Release|Any CPU.ActiveCfg = Release|Any CPU
		{F400EE5A-069A-4F54-9D35-972C7067A857}.Release|Any CPU.Build.0 = Release|Any CPU
		{88612851-4BA8-463C-8E78-BF0BDCB8F7AB}.Debug|Any CPU.ActiveCfg = Debug|Any CPU
		{88612851-4BA8-463C-8E78-BF0BDCB8F7AB}.Debug|Any CPU.Build.0 = Debug|Any CPU
		{88612851-4BA8-463C-8E78-BF0BDCB8F7AB}.Release|Any CPU.ActiveCfg = Release|Any CPU
		{88612851-4BA8-463C-8E78-BF0BDCB8F7AB}.Release|Any CPU.Build.0 = Release|Any CPU
		{E3F42284-2B6A-437D-93D9-F3B42C238B70}.Debug|Any CPU.ActiveCfg = Debug|Any CPU
		{E3F42284-2B6A-437D-93D9-F3B42C238B70}.Debug|Any CPU.Build.0 = Debug|Any CPU
		{E3F42284-2B6A-437D-93D9-F3B42C238B70}.Release|Any CPU.ActiveCfg = Release|Any CPU
		{E3F42284-2B6A-437D-93D9-F3B42C238B70}.Release|Any CPU.Build.0 = Release|Any CPU
		{29855922-DB6C-4136-915D-63168CDC4204}.Debug|Any CPU.ActiveCfg = Debug|Any CPU
		{29855922-DB6C-4136-915D-63168CDC4204}.Debug|Any CPU.Build.0 = Debug|Any CPU
		{29855922-DB6C-4136-915D-63168CDC4204}.Release|Any CPU.ActiveCfg = Release|Any CPU
		{29855922-DB6C-4136-915D-63168CDC4204}.Release|Any CPU.Build.0 = Release|Any CPU
	EndGlobalSection
	GlobalSection(SolutionProperties) = preSolution
		HideSolutionNode = FALSE
	EndGlobalSection
	GlobalSection(NestedProjects) = preSolution
		{2EF5187F-BBA4-446E-BAA3-D71C4DF2F9A1} = {66B5ED96-84D6-4475-9660-673BB5D525EE}
		{5703640A-6EA5-4162-AB40-00D005426762} = {2EF5187F-BBA4-446E-BAA3-D71C4DF2F9A1}
		{A0C843D9-D977-4A3B-9023-46453E768521} = {66B5ED96-84D6-4475-9660-673BB5D525EE}
		{C162CF3E-056A-4E4B-95AB-6A3B2AB27636} = {A0C843D9-D977-4A3B-9023-46453E768521}
		{E4E569E9-E60E-48C2-B3B9-C38118F8F6C6} = {66B5ED96-84D6-4475-9660-673BB5D525EE}
		{56EA58B8-C769-402B-BB29-B460C829B51D} = {E4E569E9-E60E-48C2-B3B9-C38118F8F6C6}
		{34BB1A26-87F0-4130-9DC2-7556A03AFB43} = {E4E569E9-E60E-48C2-B3B9-C38118F8F6C6}
		{48036035-13B5-4AC1-9069-380EDBBA12B2} = {66B5ED96-84D6-4475-9660-673BB5D525EE}
		{DD84B7B7-9496-4FF3-B183-1B840D22BAAB} = {48036035-13B5-4AC1-9069-380EDBBA12B2}
		{F400EE5A-069A-4F54-9D35-972C7067A857} = {48036035-13B5-4AC1-9069-380EDBBA12B2}
		{88612851-4BA8-463C-8E78-BF0BDCB8F7AB} = {48036035-13B5-4AC1-9069-380EDBBA12B2}
		{E3F42284-2B6A-437D-93D9-F3B42C238B70} = {48036035-13B5-4AC1-9069-380EDBBA12B2}
		{29855922-DB6C-4136-915D-63168CDC4204} = {DBB39DCE-295F-424E-B6A3-3135258B6FAF}
	EndGlobalSection
	GlobalSection(ExtensibilityGlobals) = postSolution
		SolutionGuid = {D65FF2D2-68A7-4221-96BF-724ACFC49698}
	EndGlobalSection
EndGlobal
